
Microsoft Visual Studio Solution File, Format Version 12.00
# Visual Studio Version 16
VisualStudioVersion = 16.0.30804.86
MinimumVisualStudioVersion = 10.0.40219.1
Project("{9A19103F-16F7-4668-BE54-9A1E7A4F7556}") = "DataAccess", "DataAccess\DataAccess.csproj", "{CEEA8F54-0BC6-4A3D-9208-2ADC7C1643C2}"
EndProject
Project("{9A19103F-16F7-4668-BE54-9A1E7A4F7556}") = "Business", "Business\Business.csproj", "{7D588454-5036-45F4-BEAC-B17DE6D6AF48}"
EndProject
Project("{9A19103F-16F7-4668-BE54-9A1E7A4F7556}") = "Entities", "Entities\Entities.csproj", "{80D9CDEB-43EE-422B-B0F8-C710C18E427B}"
EndProject
Project("{9A19103F-16F7-4668-BE54-9A1E7A4F7556}") = "ConsoleUI", "ConsoleUI\ConsoleUI.csproj", "{52B9B033-90B1-4D54-8816-BA447AFCDAC9}"
EndProject
Project("{FAE04EC0-301F-11D3-BF4B-00C04F79EFBC}") = "Core", "Core\Core.csproj", "{A7F2FDC8-8405-4628-8EC2-493AA47849DF}"
EndProject
Global
	GlobalSection(SolutionConfigurationPlatforms) = preSolution
		Debug|Any CPU = Debug|Any CPU
		Release|Any CPU = Release|Any CPU
	EndGlobalSection
	GlobalSection(ProjectConfigurationPlatforms) = postSolution
		{CEEA8F54-0BC6-4A3D-9208-2ADC7C1643C2}.Debug|Any CPU.ActiveCfg = Debug|Any CPU
		{CEEA8F54-0BC6-4A3D-9208-2ADC7C1643C2}.Debug|Any CPU.Build.0 = Debug|Any CPU
		{CEEA8F54-0BC6-4A3D-9208-2ADC7C1643C2}.Release|Any CPU.ActiveCfg = Release|Any CPU
		{CEEA8F54-0BC6-4A3D-9208-2ADC7C1643C2}.Release|Any CPU.Build.0 = Release|Any CPU
		{7D588454-5036-45F4-BEAC-B17DE6D6AF48}.Debug|Any CPU.ActiveCfg = Debug|Any CPU
		{7D588454-5036-45F4-BEAC-B17DE6D6AF48}.Debug|Any CPU.Build.0 = Debug|Any CPU
		{7D588454-5036-45F4-BEAC-B17DE6D6AF48}.Release|Any CPU.ActiveCfg = Release|Any CPU
		{7D588454-5036-45F4-BEAC-B17DE6D6AF48}.Release|Any CPU.Build.0 = Release|Any CPU
		{80D9CDEB-43EE-422B-B0F8-C710C18E427B}.Debug|Any CPU.ActiveCfg = Debug|Any CPU
		{80D9CDEB-43EE-422B-B0F8-C710C18E427B}.Debug|Any CPU.Build.0 = Debug|Any CPU
		{80D9CDEB-43EE-422B-B0F8-C710C18E427B}.Release|Any CPU.ActiveCfg = Release|Any CPU
		{80D9CDEB-43EE-422B-B0F8-C710C18E427B}.Release|Any CPU.Build.0 = Release|Any CPU
		{52B9B033-90B1-4D54-8816-BA447AFCDAC9}.Debug|Any CPU.ActiveCfg = Debug|Any CPU
		{52B9B033-90B1-4D54-8816-BA447AFCDAC9}.Debug|Any CPU.Build.0 = Debug|Any CPU
		{52B9B033-90B1-4D54-8816-BA447AFCDAC9}.Release|Any CPU.ActiveCfg = Release|Any CPU
		{52B9B033-90B1-4D54-8816-BA447AFCDAC9}.Release|Any CPU.Build.0 = Release|Any CPU
		{A7F2FDC8-8405-4628-8EC2-493AA47849DF}.Debug|Any CPU.ActiveCfg = Debug|Any CPU
		{A7F2FDC8-8405-4628-8EC2-493AA47849DF}.Debug|Any CPU.Build.0 = Debug|Any CPU
		{A7F2FDC8-8405-4628-8EC2-493AA47849DF}.Release|Any CPU.ActiveCfg = Release|Any CPU
		{A7F2FDC8-8405-4628-8EC2-493AA47849DF}.Release|Any CPU.Build.0 = Release|Any CPU
	EndGlobalSection
	GlobalSection(SolutionProperties) = preSolution
		HideSolutionNode = FALSE
	EndGlobalSection
	GlobalSection(ExtensibilityGlobals) = postSolution
		SolutionGuid = {AC5065BC-09CB-4D8C-BBE5-4A04EADDF446}
	EndGlobalSection
EndGlobal
